
Microsoft Visual Studio Solution File, Format Version 12.00
# Visual Studio 15
VisualStudioVersion = 15.0.28010.2046
MinimumVisualStudioVersion = 10.0.40219.1
Project("{FAE04EC0-301F-11D3-BF4B-00C04F79EFBC}") = "AssignmentAuthentication", "AssignmentAuthentication\AssignmentAuthentication.csproj", "{2632F26D-35D5-46B4-9447-D3F848BCDDF1}"
EndProject
Global
	GlobalSection(SolutionConfigurationPlatforms) = preSolution
		Debug|Any CPU = Debug|Any CPU
		Release|Any CPU = Release|Any CPU
	EndGlobalSection
	GlobalSection(ProjectConfigurationPlatforms) = postSolution
		{2632F26D-35D5-46B4-9447-D3F848BCDDF1}.Debug|Any CPU.ActiveCfg = Debug|Any CPU
		{2632F26D-35D5-46B4-9447-D3F848BCDDF1}.Debug|Any CPU.Build.0 = Debug|Any CPU
		{2632F26D-35D5-46B4-9447-D3F848BCDDF1}.Release|Any CPU.ActiveCfg = Release|Any CPU
		{2632F26D-35D5-46B4-9447-D3F848BCDDF1}.Release|Any CPU.Build.0 = Release|Any CPU
	EndGlobalSection
	GlobalSection(SolutionProperties) = preSolution
		HideSolutionNode = FALSE
	EndGlobalSection
	GlobalSection(ExtensibilityGlobals) = postSolution
		SolutionGuid = {83B23A1A-438E-41FD-80FE-901B72F22E8D}
	EndGlobalSection
EndGlobal
